// !$*UTF8*$!
{
	archiveVersion = 1;
	classes = {
	};
	objectVersion = 56;
	objects = {

/* Begin PBXBuildFile section */
		A1000011000000000000001 /* GoodToNoteApp.swift in Sources */ = {isa = PBXBuildFile; fileRef = A1000001000000000000001 /* GoodToNoteApp.swift */; };
		A1000014000000000000001 /* Assets.xcassets in Resources */ = {isa = PBXBuildFile; fileRef = A1000004000000000000001 /* Assets.xcassets */; };
		A1000015000000000000001 /* Enums.swift in Sources */ = {isa = PBXBuildFile; fileRef = A1000005000000000000001 /* Enums.swift */; };
		A1000016000000000000001 /* Category.swift in Sources */ = {isa = PBXBuildFile; fileRef = A1000006000000000000001 /* Category.swift */; };
		A1000017000000000000001 /* Transaction.swift in Sources */ = {isa = PBXBuildFile; fileRef = A1000007000000000000001 /* Transaction.swift */; };
		A1000018000000000000001 /* RecurringRule.swift in Sources */ = {isa = PBXBuildFile; fileRef = A1000008000000000000001 /* RecurringRule.swift */; };
		A1000019000000000000001 /* MerchantMapping.swift in Sources */ = {isa = PBXBuildFile; fileRef = A1000009000000000000001 /* MerchantMapping.swift */; };
		A100001A000000000000001 /* PresetCategories.swift in Sources */ = {isa = PBXBuildFile; fileRef = A100000A000000000000001 /* PresetCategories.swift */; };
		A1000099000000000000002 /* Localizable.xcstrings in Resources */ = {isa = PBXBuildFile; fileRef = A1000099000000000000001 /* Localizable.xcstrings */; };
		A100009A000000000000002 /* InfoPlist.xcstrings in Resources */ = {isa = PBXBuildFile; fileRef = A100009A000000000000001 /* InfoPlist.xcstrings */; };
		A1000101000000000000001 /* CurrencyCatalog.swift in Sources */ = {isa = PBXBuildFile; fileRef = A1000091000000000000001 /* CurrencyCatalog.swift */; };
		A1000102000000000000001 /* RootView.swift in Sources */ = {isa = PBXBuildFile; fileRef = A1000092000000000000001 /* RootView.swift */; };
		A1000103000000000000001 /* LedgerView.swift in Sources */ = {isa = PBXBuildFile; fileRef = A1000093000000000000001 /* LedgerView.swift */; };
		A1000104000000000000001 /* TransactionEditView.swift in Sources */ = {isa = PBXBuildFile; fileRef = A1000094000000000000001 /* TransactionEditView.swift */; };
		A1000106000000000000001 /* SettingsPlaceholderView.swift in Sources */ = {isa = PBXBuildFile; fileRef = A1000096000000000000001 /* SettingsPlaceholderView.swift */; };
		A100010B000000000000001 /* BackupManager.swift in Sources */ = {isa = PBXBuildFile; fileRef = A100000B000000000000001 /* BackupManager.swift */; };
		A100010C000000000000001 /* BackupArchive.swift in Sources */ = {isa = PBXBuildFile; fileRef = A100000C000000000000001 /* BackupArchive.swift */; };
		A100010D000000000000001 /* RestoreManager.swift in Sources */ = {isa = PBXBuildFile; fileRef = A100000D000000000000001 /* RestoreManager.swift */; };
		A1000201000000000000001 /* AppModelContainer.swift in Sources */ = {isa = PBXBuildFile; fileRef = A1000301000000000000001 /* AppModelContainer.swift */; };
		A1000202000000000000001 /* FXRateProviding.swift in Sources */ = {isa = PBXBuildFile; fileRef = A1000302000000000000001 /* FXRateProviding.swift */; };
		A1000203000000000000001 /* FXRateCache.swift in Sources */ = {isa = PBXBuildFile; fileRef = A1000303000000000000001 /* FXRateCache.swift */; };
		A1000204000000000000001 /* CurrencyConverter.swift in Sources */ = {isa = PBXBuildFile; fileRef = A1000304000000000000001 /* CurrencyConverter.swift */; };
		A1000205000000000000001 /* CategoryEntity.swift in Sources */ = {isa = PBXBuildFile; fileRef = A1000305000000000000001 /* CategoryEntity.swift */; };
		A1000206000000000000001 /* AddTransactionIntent.swift in Sources */ = {isa = PBXBuildFile; fileRef = A1000306000000000000001 /* AddTransactionIntent.swift */; };
		A1000207000000000000001 /* UOBMessageParser.swift in Sources */ = {isa = PBXBuildFile; fileRef = A1000307000000000000001 /* UOBMessageParser.swift */; };
		A1000208000000000000001 /* MerchantMemory.swift in Sources */ = {isa = PBXBuildFile; fileRef = A1000308000000000000001 /* MerchantMemory.swift */; };
		A1000209000000000000001 /* IngestUOBMessageIntent.swift in Sources */ = {isa = PBXBuildFile; fileRef = A1000309000000000000001 /* IngestUOBMessageIntent.swift */; };
		A100020A000000000000001 /* PendingInboxView.swift in Sources */ = {isa = PBXBuildFile; fileRef = A100030A000000000000001 /* PendingInboxView.swift */; };
		A100020B000000000000001 /* CategoryManagementView.swift in Sources */ = {isa = PBXBuildFile; fileRef = A100030B000000000000001 /* CategoryManagementView.swift */; };
		A100020C000000000000001 /* CategoryStore.swift in Sources */ = {isa = PBXBuildFile; fileRef = A100030C000000000000001 /* CategoryStore.swift */; };
		A100020D000000000000001 /* RecurringRuleGenerator.swift in Sources */ = {isa = PBXBuildFile; fileRef = A100030D000000000000001 /* RecurringRuleGenerator.swift */; };
		A100020E000000000000001 /* RecurringRulesView.swift in Sources */ = {isa = PBXBuildFile; fileRef = A100030E000000000000001 /* RecurringRulesView.swift */; };
		A100020F000000000000001 /* StatsModels.swift in Sources */ = {isa = PBXBuildFile; fileRef = A100030F000000000000001 /* StatsModels.swift */; };
		A1000210000000000000001 /* StatsAggregator.swift in Sources */ = {isa = PBXBuildFile; fileRef = A1000310000000000000001 /* StatsAggregator.swift */; };
		A1000211000000000000001 /* StatsView.swift in Sources */ = {isa = PBXBuildFile; fileRef = A1000311000000000000001 /* StatsView.swift */; };
		A1000212000000000000001 /* CategoryFilterSheet.swift in Sources */ = {isa = PBXBuildFile; fileRef = A1000312000000000000001 /* CategoryFilterSheet.swift */; };
		A1000401000000000000001 /* AppSettings.swift in Sources */ = {isa = PBXBuildFile; fileRef = A1000501000000000000001 /* AppSettings.swift */; };
		A1000402000000000000001 /* BaseCurrencyRecomputer.swift in Sources */ = {isa = PBXBuildFile; fileRef = A1000502000000000000001 /* BaseCurrencyRecomputer.swift */; };
		A1000403000000000000001 /* BaseCurrencyService.swift in Sources */ = {isa = PBXBuildFile; fileRef = A1000503000000000000001 /* BaseCurrencyService.swift */; };
		A1000601000000000000001 /* SmsTemplate.swift in Sources */ = {isa = PBXBuildFile; fileRef = A1000701000000000000001 /* SmsTemplate.swift */; };
		A1000602000000000000001 /* AmountParser.swift in Sources */ = {isa = PBXBuildFile; fileRef = A1000702000000000000001 /* AmountParser.swift */; };
		A1000603000000000000001 /* SmsExtractor.swift in Sources */ = {isa = PBXBuildFile; fileRef = A1000703000000000000001 /* SmsExtractor.swift */; };
		A1000604000000000000001 /* SmsTemplateCompiler.swift in Sources */ = {isa = PBXBuildFile; fileRef = A1000704000000000000001 /* SmsTemplateCompiler.swift */; };
		A1000605000000000000001 /* SmsTemplateMatcher.swift in Sources */ = {isa = PBXBuildFile; fileRef = A1000705000000000000001 /* SmsTemplateMatcher.swift */; };
		A1000942000000000000001 /* SmsTemplateMigrator.swift in Sources */ = {isa = PBXBuildFile; fileRef = A1000943000000000000001 /* SmsTemplateMigrator.swift */; };
		A1000940000000000000001 /* SmsRecognitionRuntime.swift in Sources */ = {isa = PBXBuildFile; fileRef = A1000941000000000000001 /* SmsRecognitionRuntime.swift */; };
		A1000606000000000000001 /* SmsTemplatePresets.swift in Sources */ = {isa = PBXBuildFile; fileRef = A1000706000000000000001 /* SmsTemplatePresets.swift */; };
		A1000607000000000000001 /* SmsTemplateEditorView.swift in Sources */ = {isa = PBXBuildFile; fileRef = A1000707000000000000001 /* SmsTemplateEditorView.swift */; };
		A1000608000000000000001 /* SmsTemplateListView.swift in Sources */ = {isa = PBXBuildFile; fileRef = A1000708000000000000001 /* SmsTemplateListView.swift */; };
		A1000609000000000000001 /* DateParser.swift in Sources */ = {isa = PBXBuildFile; fileRef = A1000709000000000000001 /* DateParser.swift */; };
		A1000610000000000000001 /* SmsTokenizer.swift in Sources */ = {isa = PBXBuildFile; fileRef = A1000710000000000000001 /* SmsTokenizer.swift */; };
		A1000611000000000000001 /* FlowLayout.swift in Sources */ = {isa = PBXBuildFile; fileRef = A1000711000000000000001 /* FlowLayout.swift */; };
		A1000801000000000000001 /* OnboardingState.swift in Sources */ = {isa = PBXBuildFile; fileRef = A1000800000000000000001 /* OnboardingState.swift */; };
		A1000803000000000000001 /* OnboardingView.swift in Sources */ = {isa = PBXBuildFile; fileRef = A1000802000000000000001 /* OnboardingView.swift */; };
		A1000805000000000000001 /* ShortcutSetupView.swift in Sources */ = {isa = PBXBuildFile; fileRef = A1000804000000000000001 /* ShortcutSetupView.swift */; };
		A1000910000000000000001 /* LanguageManager.swift in Sources */ = {isa = PBXBuildFile; fileRef = A1000900000000000000001 /* LanguageManager.swift */; };
		A1000911000000000000001 /* LanguageSettingsView.swift in Sources */ = {isa = PBXBuildFile; fileRef = A1000901000000000000001 /* LanguageSettingsView.swift */; };
		A1000912000000000000001 /* GeneralSettingsView.swift in Sources */ = {isa = PBXBuildFile; fileRef = A1000902000000000000001 /* GeneralSettingsView.swift */; };
		A1000913000000000000001 /* BookkeepingSettingsView.swift in Sources */ = {isa = PBXBuildFile; fileRef = A1000903000000000000001 /* BookkeepingSettingsView.swift */; };
		A1000914000000000000001 /* AboutView.swift in Sources */ = {isa = PBXBuildFile; fileRef = A1000904000000000000001 /* AboutView.swift */; };
		A1000915000000000000001 /* DuplicateDetector.swift in Sources */ = {isa = PBXBuildFile; fileRef = A1000905000000000000001 /* DuplicateDetector.swift */; };
		A1000916000000000000001 /* IngestWalletTransactionIntent.swift in Sources */ = {isa = PBXBuildFile; fileRef = A1000906000000000000001 /* IngestWalletTransactionIntent.swift */; };
		A1000917000000000000001 /* WalletAutomationSetupView.swift in Sources */ = {isa = PBXBuildFile; fileRef = A1000907000000000000001 /* WalletAutomationSetupView.swift */; };
		A1000918000000000000001 /* ShortcutsLauncher.swift in Sources */ = {isa = PBXBuildFile; fileRef = A1000908000000000000001 /* ShortcutsLauncher.swift */; };
		A1000930000000000000001 /* EmailPreprocessor.swift in Sources */ = {isa = PBXBuildFile; fileRef = A1000920000000000000001 /* EmailPreprocessor.swift */; };
		A1000931000000000000001 /* IngestEmailIntent.swift in Sources */ = {isa = PBXBuildFile; fileRef = A1000921000000000000001 /* IngestEmailIntent.swift */; };
		A1000932000000000000001 /* EmailAutomationSetupView.swift in Sources */ = {isa = PBXBuildFile; fileRef = A1000922000000000000001 /* EmailAutomationSetupView.swift */; };
/* End PBXBuildFile section */

/* Begin PBXFileReference section */
		A1000000000000000000001 /* GoodToNote.app */ = {isa = PBXFileReference; explicitFileType = wrapper.application; includeInIndex = 0; path = GoodToNote.app; sourceTree = BUILT_PRODUCTS_DIR; };
		A1000001000000000000001 /* GoodToNoteApp.swift */ = {isa = PBXFileReference; lastKnownFileType = sourcecode.swift; path = GoodToNoteApp.swift; sourceTree = "<group>"; };
		A1000004000000000000001 /* Assets.xcassets */ = {isa = PBXFileReference; lastKnownFileType = folder.assetcatalog; path = Assets.xcassets; sourceTree = "<group>"; };
		A1000005000000000000001 /* Enums.swift */ = {isa = PBXFileReference; lastKnownFileType = sourcecode.swift; path = Enums.swift; sourceTree = "<group>"; };
		A1000006000000000000001 /* Category.swift */ = {isa = PBXFileReference; lastKnownFileType = sourcecode.swift; path = Category.swift; sourceTree = "<group>"; };
		A1000007000000000000001 /* Transaction.swift */ = {isa = PBXFileReference; lastKnownFileType = sourcecode.swift; path = Transaction.swift; sourceTree = "<group>"; };
		A1000008000000000000001 /* RecurringRule.swift */ = {isa = PBXFileReference; lastKnownFileType = sourcecode.swift; path = RecurringRule.swift; sourceTree = "<group>"; };
		A1000009000000000000001 /* MerchantMapping.swift */ = {isa = PBXFileReference; lastKnownFileType = sourcecode.swift; path = MerchantMapping.swift; sourceTree = "<group>"; };
		A100000A000000000000001 /* PresetCategories.swift */ = {isa = PBXFileReference; lastKnownFileType = sourcecode.swift; path = PresetCategories.swift; sourceTree = "<group>"; };
		A100000B000000000000001 /* BackupManager.swift */ = {isa = PBXFileReference; lastKnownFileType = sourcecode.swift; path = BackupManager.swift; sourceTree = "<group>"; };
		A100000C000000000000001 /* BackupArchive.swift */ = {isa = PBXFileReference; lastKnownFileType = sourcecode.swift; path = BackupArchive.swift; sourceTree = "<group>"; };
		A100000D000000000000001 /* RestoreManager.swift */ = {isa = PBXFileReference; lastKnownFileType = sourcecode.swift; path = RestoreManager.swift; sourceTree = "<group>"; };
		A1000091000000000000001 /* CurrencyCatalog.swift */ = {isa = PBXFileReference; lastKnownFileType = sourcecode.swift; path = CurrencyCatalog.swift; sourceTree = "<group>"; };
		A1000092000000000000001 /* RootView.swift */ = {isa = PBXFileReference; lastKnownFileType = sourcecode.swift; path = RootView.swift; sourceTree = "<group>"; };
		A1000093000000000000001 /* LedgerView.swift */ = {isa = PBXFileReference; lastKnownFileType = sourcecode.swift; path = LedgerView.swift; sourceTree = "<group>"; };
		A1000094000000000000001 /* TransactionEditView.swift */ = {isa = PBXFileReference; lastKnownFileType = sourcecode.swift; path = TransactionEditView.swift; sourceTree = "<group>"; };
		A1000096000000000000001 /* SettingsPlaceholderView.swift */ = {isa = PBXFileReference; lastKnownFileType = sourcecode.swift; path = SettingsPlaceholderView.swift; sourceTree = "<group>"; };
		A1000099000000000000001 /* Localizable.xcstrings */ = {isa = PBXFileReference; lastKnownFileType = text.json.xcstrings; path = Localizable.xcstrings; sourceTree = "<group>"; };
		A100009A000000000000001 /* InfoPlist.xcstrings */ = {isa = PBXFileReference; lastKnownFileType = text.json.xcstrings; path = InfoPlist.xcstrings; sourceTree = "<group>"; };
		A1000301000000000000001 /* AppModelContainer.swift */ = {isa = PBXFileReference; lastKnownFileType = sourcecode.swift; path = AppModelContainer.swift; sourceTree = "<group>"; };
		A1000302000000000000001 /* FXRateProviding.swift */ = {isa = PBXFileReference; lastKnownFileType = sourcecode.swift; path = FXRateProviding.swift; sourceTree = "<group>"; };
		A1000303000000000000001 /* FXRateCache.swift */ = {isa = PBXFileReference; lastKnownFileType = sourcecode.swift; path = FXRateCache.swift; sourceTree = "<group>"; };
		A1000304000000000000001 /* CurrencyConverter.swift */ = {isa = PBXFileReference; lastKnownFileType = sourcecode.swift; path = CurrencyConverter.swift; sourceTree = "<group>"; };
		A1000305000000000000001 /* CategoryEntity.swift */ = {isa = PBXFileReference; lastKnownFileType = sourcecode.swift; path = CategoryEntity.swift; sourceTree = "<group>"; };
		A1000306000000000000001 /* AddTransactionIntent.swift */ = {isa = PBXFileReference; lastKnownFileType = sourcecode.swift; path = AddTransactionIntent.swift; sourceTree = "<group>"; };
		A1000307000000000000001 /* UOBMessageParser.swift */ = {isa = PBXFileReference; lastKnownFileType = sourcecode.swift; path = UOBMessageParser.swift; sourceTree = "<group>"; };
		A1000308000000000000001 /* MerchantMemory.swift */ = {isa = PBXFileReference; lastKnownFileType = sourcecode.swift; path = MerchantMemory.swift; sourceTree = "<group>"; };
		A1000309000000000000001 /* IngestUOBMessageIntent.swift */ = {isa = PBXFileReference; lastKnownFileType = sourcecode.swift; path = IngestUOBMessageIntent.swift; sourceTree = "<group>"; };
		A100030A000000000000001 /* PendingInboxView.swift */ = {isa = PBXFileReference; lastKnownFileType = sourcecode.swift; path = PendingInboxView.swift; sourceTree = "<group>"; };
		A100030B000000000000001 /* CategoryManagementView.swift */ = {isa = PBXFileReference; lastKnownFileType = sourcecode.swift; path = CategoryManagementView.swift; sourceTree = "<group>"; };
		A100030C000000000000001 /* CategoryStore.swift */ = {isa = PBXFileReference; lastKnownFileType = sourcecode.swift; path = CategoryStore.swift; sourceTree = "<group>"; };
		A100030D000000000000001 /* RecurringRuleGenerator.swift */ = {isa = PBXFileReference; lastKnownFileType = sourcecode.swift; path = RecurringRuleGenerator.swift; sourceTree = "<group>"; };
		A100030E000000000000001 /* RecurringRulesView.swift */ = {isa = PBXFileReference; lastKnownFileType = sourcecode.swift; path = RecurringRulesView.swift; sourceTree = "<group>"; };
		A100030F000000000000001 /* StatsModels.swift */ = {isa = PBXFileReference; lastKnownFileType = sourcecode.swift; path = StatsModels.swift; sourceTree = "<group>"; };
		A1000310000000000000001 /* StatsAggregator.swift */ = {isa = PBXFileReference; lastKnownFileType = sourcecode.swift; path = StatsAggregator.swift; sourceTree = "<group>"; };
		A1000311000000000000001 /* StatsView.swift */ = {isa = PBXFileReference; lastKnownFileType = sourcecode.swift; path = StatsView.swift; sourceTree = "<group>"; };
		A1000312000000000000001 /* CategoryFilterSheet.swift */ = {isa = PBXFileReference; lastKnownFileType = sourcecode.swift; path = CategoryFilterSheet.swift; sourceTree = "<group>"; };
		A1000501000000000000001 /* AppSettings.swift */ = {isa = PBXFileReference; lastKnownFileType = sourcecode.swift; path = AppSettings.swift; sourceTree = "<group>"; };
		A1000502000000000000001 /* BaseCurrencyRecomputer.swift */ = {isa = PBXFileReference; lastKnownFileType = sourcecode.swift; path = BaseCurrencyRecomputer.swift; sourceTree = "<group>"; };
		A1000503000000000000001 /* BaseCurrencyService.swift */ = {isa = PBXFileReference; lastKnownFileType = sourcecode.swift; path = BaseCurrencyService.swift; sourceTree = "<group>"; };
		A1000701000000000000001 /* SmsTemplate.swift */ = {isa = PBXFileReference; lastKnownFileType = sourcecode.swift; path = SmsTemplate.swift; sourceTree = "<group>"; };
		A1000702000000000000001 /* AmountParser.swift */ = {isa = PBXFileReference; lastKnownFileType = sourcecode.swift; path = AmountParser.swift; sourceTree = "<group>"; };
		A1000703000000000000001 /* SmsExtractor.swift */ = {isa = PBXFileReference; lastKnownFileType = sourcecode.swift; path = SmsExtractor.swift; sourceTree = "<group>"; };
		A1000704000000000000001 /* SmsTemplateCompiler.swift */ = {isa = PBXFileReference; lastKnownFileType = sourcecode.swift; path = SmsTemplateCompiler.swift; sourceTree = "<group>"; };
		A1000705000000000000001 /* SmsTemplateMatcher.swift */ = {isa = PBXFileReference; lastKnownFileType = sourcecode.swift; path = SmsTemplateMatcher.swift; sourceTree = "<group>"; };
		A1000943000000000000001 /* SmsTemplateMigrator.swift */ = {isa = PBXFileReference; lastKnownFileType = sourcecode.swift; path = SmsTemplateMigrator.swift; sourceTree = "<group>"; };
		A1000941000000000000001 /* SmsRecognitionRuntime.swift */ = {isa = PBXFileReference; lastKnownFileType = sourcecode.swift; path = SmsRecognitionRuntime.swift; sourceTree = "<group>"; };
		A1000706000000000000001 /* SmsTemplatePresets.swift */ = {isa = PBXFileReference; lastKnownFileType = sourcecode.swift; path = SmsTemplatePresets.swift; sourceTree = "<group>"; };
		A1000707000000000000001 /* SmsTemplateEditorView.swift */ = {isa = PBXFileReference; lastKnownFileType = sourcecode.swift; path = SmsTemplateEditorView.swift; sourceTree = "<group>"; };
		A1000708000000000000001 /* SmsTemplateListView.swift */ = {isa = PBXFileReference; lastKnownFileType = sourcecode.swift; path = SmsTemplateListView.swift; sourceTree = "<group>"; };
		A1000709000000000000001 /* DateParser.swift */ = {isa = PBXFileReference; lastKnownFileType = sourcecode.swift; path = DateParser.swift; sourceTree = "<group>"; };
		A1000710000000000000001 /* SmsTokenizer.swift */ = {isa = PBXFileReference; lastKnownFileType = sourcecode.swift; path = SmsTokenizer.swift; sourceTree = "<group>"; };
		A1000711000000000000001 /* FlowLayout.swift */ = {isa = PBXFileReference; lastKnownFileType = sourcecode.swift; path = FlowLayout.swift; sourceTree = "<group>"; };
		A1000800000000000000001 /* OnboardingState.swift */ = {isa = PBXFileReference; lastKnownFileType = sourcecode.swift; path = OnboardingState.swift; sourceTree = "<group>"; };
		A1000802000000000000001 /* OnboardingView.swift */ = {isa = PBXFileReference; lastKnownFileType = sourcecode.swift; path = OnboardingView.swift; sourceTree = "<group>"; };
		A1000804000000000000001 /* ShortcutSetupView.swift */ = {isa = PBXFileReference; lastKnownFileType = sourcecode.swift; path = ShortcutSetupView.swift; sourceTree = "<group>"; };
		A1000900000000000000001 /* LanguageManager.swift */ = {isa = PBXFileReference; lastKnownFileType = sourcecode.swift; path = LanguageManager.swift; sourceTree = "<group>"; };
		A1000901000000000000001 /* LanguageSettingsView.swift */ = {isa = PBXFileReference; lastKnownFileType = sourcecode.swift; path = LanguageSettingsView.swift; sourceTree = "<group>"; };
		A1000902000000000000001 /* GeneralSettingsView.swift */ = {isa = PBXFileReference; lastKnownFileType = sourcecode.swift; path = GeneralSettingsView.swift; sourceTree = "<group>"; };
		A1000903000000000000001 /* BookkeepingSettingsView.swift */ = {isa = PBXFileReference; lastKnownFileType = sourcecode.swift; path = BookkeepingSettingsView.swift; sourceTree = "<group>"; };
		A1000904000000000000001 /* AboutView.swift */ = {isa = PBXFileReference; lastKnownFileType = sourcecode.swift; path = AboutView.swift; sourceTree = "<group>"; };
		A1000905000000000000001 /* DuplicateDetector.swift */ = {isa = PBXFileReference; lastKnownFileType = sourcecode.swift; path = DuplicateDetector.swift; sourceTree = "<group>"; };
		A1000906000000000000001 /* IngestWalletTransactionIntent.swift */ = {isa = PBXFileReference; lastKnownFileType = sourcecode.swift; path = IngestWalletTransactionIntent.swift; sourceTree = "<group>"; };
		A1000907000000000000001 /* WalletAutomationSetupView.swift */ = {isa = PBXFileReference; lastKnownFileType = sourcecode.swift; path = WalletAutomationSetupView.swift; sourceTree = "<group>"; };
		A1000908000000000000001 /* ShortcutsLauncher.swift */ = {isa = PBXFileReference; lastKnownFileType = sourcecode.swift; path = ShortcutsLauncher.swift; sourceTree = "<group>"; };
		A1000920000000000000001 /* EmailPreprocessor.swift */ = {isa = PBXFileReference; lastKnownFileType = sourcecode.swift; path = EmailPreprocessor.swift; sourceTree = "<group>"; };
		A1000921000000000000001 /* IngestEmailIntent.swift */ = {isa = PBXFileReference; lastKnownFileType = sourcecode.swift; path = IngestEmailIntent.swift; sourceTree = "<group>"; };
		A1000922000000000000001 /* EmailAutomationSetupView.swift */ = {isa = PBXFileReference; lastKnownFileType = sourcecode.swift; path = EmailAutomationSetupView.swift; sourceTree = "<group>"; };
/* End PBXFileReference section */

/* Begin PBXFrameworksBuildPhase section */
		A1000020000000000000001 /* Frameworks */ = {
			isa = PBXFrameworksBuildPhase;
			buildActionMask = 2147483647;
			files = (
			);
			runOnlyForDeploymentPostprocessing = 0;
		};
/* End PBXFrameworksBuildPhase section */

/* Begin PBXGroup section */
		A1000030000000000000001 = {
			isa = PBXGroup;
			children = (
				A1000031000000000000001 /* GoodToNote */,
				A1000032000000000000001 /* Products */,
			);
			sourceTree = "<group>";
		};
		A1000031000000000000001 /* GoodToNote */ = {
			isa = PBXGroup;
			children = (
				A1000001000000000000001 /* GoodToNoteApp.swift */,
				A1000900000000000000001 /* LanguageManager.swift */,
				A1000901000000000000001 /* LanguageSettingsView.swift */,
				A1000902000000000000001 /* GeneralSettingsView.swift */,
				A1000903000000000000001 /* BookkeepingSettingsView.swift */,
				A1000904000000000000001 /* AboutView.swift */,
				A1000092000000000000001 /* RootView.swift */,
				A1000093000000000000001 /* LedgerView.swift */,
				A1000094000000000000001 /* TransactionEditView.swift */,
				A1000091000000000000001 /* CurrencyCatalog.swift */,
				A1000096000000000000001 /* SettingsPlaceholderView.swift */,
				A100030F000000000000001 /* StatsModels.swift */,
				A1000310000000000000001 /* StatsAggregator.swift */,
				A1000311000000000000001 /* StatsView.swift */,
				A1000312000000000000001 /* CategoryFilterSheet.swift */,
				A1000005000000000000001 /* Enums.swift */,
				A1000006000000000000001 /* Category.swift */,
				A1000007000000000000001 /* Transaction.swift */,
				A1000008000000000000001 /* RecurringRule.swift */,
				A1000009000000000000001 /* MerchantMapping.swift */,
				A100000A000000000000001 /* PresetCategories.swift */,
				A100000B000000000000001 /* BackupManager.swift */,
				A100000C000000000000001 /* BackupArchive.swift */,
				A100000D000000000000001 /* RestoreManager.swift */,
				A1000301000000000000001 /* AppModelContainer.swift */,
				A1000302000000000000001 /* FXRateProviding.swift */,
				A1000303000000000000001 /* FXRateCache.swift */,
				A1000304000000000000001 /* CurrencyConverter.swift */,
				A1000305000000000000001 /* CategoryEntity.swift */,
				A1000306000000000000001 /* AddTransactionIntent.swift */,
				A1000307000000000000001 /* UOBMessageParser.swift */,
				A1000308000000000000001 /* MerchantMemory.swift */,
				A1000309000000000000001 /* IngestUOBMessageIntent.swift */,
				A100030A000000000000001 /* PendingInboxView.swift */,
				A100030B000000000000001 /* CategoryManagementView.swift */,
				A100030C000000000000001 /* CategoryStore.swift */,
				A100030D000000000000001 /* RecurringRuleGenerator.swift */,
				A100030E000000000000001 /* RecurringRulesView.swift */,
				A1000501000000000000001 /* AppSettings.swift */,
				A1000502000000000000001 /* BaseCurrencyRecomputer.swift */,
				A1000503000000000000001 /* BaseCurrencyService.swift */,
				A1000701000000000000001 /* SmsTemplate.swift */,
				A1000702000000000000001 /* AmountParser.swift */,
				A1000703000000000000001 /* SmsExtractor.swift */,
				A1000704000000000000001 /* SmsTemplateCompiler.swift */,
				A1000705000000000000001 /* SmsTemplateMatcher.swift */,
				A1000943000000000000001 /* SmsTemplateMigrator.swift */,
				A1000941000000000000001 /* SmsRecognitionRuntime.swift */,
				A1000706000000000000001 /* SmsTemplatePresets.swift */,
				A1000707000000000000001 /* SmsTemplateEditorView.swift */,
				A1000708000000000000001 /* SmsTemplateListView.swift */,
				A1000709000000000000001 /* DateParser.swift */,
				A1000710000000000000001 /* SmsTokenizer.swift */,
				A1000711000000000000001 /* FlowLayout.swift */,
				A1000800000000000000001 /* OnboardingState.swift */,
				A1000802000000000000001 /* OnboardingView.swift */,
				A1000804000000000000001 /* ShortcutSetupView.swift */,
				A1000905000000000000001 /* DuplicateDetector.swift */,
				A1000906000000000000001 /* IngestWalletTransactionIntent.swift */,
				A1000907000000000000001 /* WalletAutomationSetupView.swift */,
				A1000908000000000000001 /* ShortcutsLauncher.swift */,
				A1000920000000000000001 /* EmailPreprocessor.swift */,
				A1000921000000000000001 /* IngestEmailIntent.swift */,
				A1000922000000000000001 /* EmailAutomationSetupView.swift */,
				A1000004000000000000001 /* Assets.xcassets */,
				A1000099000000000000001 /* Localizable.xcstrings */,
				A100009A000000000000001 /* InfoPlist.xcstrings */,
			);
			path = GoodToNote;
			sourceTree = "<group>";
		};
		A1000032000000000000001 /* Products */ = {
			isa = PBXGroup;
			children = (
				A1000000000000000000001 /* GoodToNote.app */,
			);
			name = Products;
			sourceTree = "<group>";
		};
/* End PBXGroup section */

/* Begin PBXNativeTarget section */
		A1000040000000000000001 /* GoodToNote */ = {
			isa = PBXNativeTarget;
			buildConfigurationList = A1000051000000000000001 /* Build configuration list for PBXNativeTarget "GoodToNote" */;
			buildPhases = (
				A1000041000000000000001 /* Sources */,
				A1000020000000000000001 /* Frameworks */,
				A1000042000000000000001 /* Resources */,
			);
			buildRules = (
			);
			dependencies = (
			);
			name = GoodToNote;
			productName = GoodToNote;
			productReference = A1000000000000000000001 /* GoodToNote.app */;
			productType = "com.apple.product-type.application";
		};
/* End PBXNativeTarget section */

/* Begin PBXProject section */
		A1000050000000000000001 /* Project object */ = {
			isa = PBXProject;
			attributes = {
				BuildIndependentTargetsInParallel = 1;
				LastSwiftUpdateCheck = 1500;
				LastUpgradeCheck = 1500;
				TargetAttributes = {
					A1000040000000000000001 = {
						CreatedOnToolsVersion = 15.0;
					};
				};
			};
			buildConfigurationList = A1000052000000000000001 /* Build configuration list for PBXProject "GoodToNote" */;
			compatibilityVersion = "Xcode 14.0";
			developmentRegion = en;
			hasScannedForEncodings = 0;
			knownRegions = (
				en,
				Base,
				"zh-Hans",
			);
			mainGroup = A1000030000000000000001;
			productRefGroup = A1000032000000000000001 /* Products */;
			projectDirPath = "";
			projectRoot = "";
			targets = (
				A1000040000000000000001 /* GoodToNote */,
			);
		};
/* End PBXProject section */

/* Begin PBXResourcesBuildPhase section */
		A1000042000000000000001 /* Resources */ = {
			isa = PBXResourcesBuildPhase;
			buildActionMask = 2147483647;
			files = (
				A1000014000000000000001 /* Assets.xcassets in Resources */,
				A1000099000000000000002 /* Localizable.xcstrings in Resources */,
				A100009A000000000000002 /* InfoPlist.xcstrings in Resources */,
			);
			runOnlyForDeploymentPostprocessing = 0;
		};
/* End PBXResourcesBuildPhase section */

/* Begin PBXSourcesBuildPhase section */
		A1000041000000000000001 /* Sources */ = {
			isa = PBXSourcesBuildPhase;
			buildActionMask = 2147483647;
			files = (
				A1000011000000000000001 /* GoodToNoteApp.swift in Sources */,
				A1000910000000000000001 /* LanguageManager.swift in Sources */,
				A1000911000000000000001 /* LanguageSettingsView.swift in Sources */,
				A1000912000000000000001 /* GeneralSettingsView.swift in Sources */,
				A1000913000000000000001 /* BookkeepingSettingsView.swift in Sources */,
				A1000914000000000000001 /* AboutView.swift in Sources */,
				A1000101000000000000001 /* CurrencyCatalog.swift in Sources */,
				A1000102000000000000001 /* RootView.swift in Sources */,
				A1000103000000000000001 /* LedgerView.swift in Sources */,
				A1000104000000000000001 /* TransactionEditView.swift in Sources */,
				A1000106000000000000001 /* SettingsPlaceholderView.swift in Sources */,
				A100020F000000000000001 /* StatsModels.swift in Sources */,
				A1000210000000000000001 /* StatsAggregator.swift in Sources */,
				A1000211000000000000001 /* StatsView.swift in Sources */,
				A1000212000000000000001 /* CategoryFilterSheet.swift in Sources */,
				A1000015000000000000001 /* Enums.swift in Sources */,
				A1000016000000000000001 /* Category.swift in Sources */,
				A1000017000000000000001 /* Transaction.swift in Sources */,
				A1000018000000000000001 /* RecurringRule.swift in Sources */,
				A1000019000000000000001 /* MerchantMapping.swift in Sources */,
				A100001A000000000000001 /* PresetCategories.swift in Sources */,
				A100010B000000000000001 /* BackupManager.swift in Sources */,
				A100010C000000000000001 /* BackupArchive.swift in Sources */,
				A100010D000000000000001 /* RestoreManager.swift in Sources */,
				A1000201000000000000001 /* AppModelContainer.swift in Sources */,
				A1000202000000000000001 /* FXRateProviding.swift in Sources */,
				A1000203000000000000001 /* FXRateCache.swift in Sources */,
				A1000204000000000000001 /* CurrencyConverter.swift in Sources */,
				A1000205000000000000001 /* CategoryEntity.swift in Sources */,
				A1000206000000000000001 /* AddTransactionIntent.swift in Sources */,
				A1000207000000000000001 /* UOBMessageParser.swift in Sources */,
				A1000208000000000000001 /* MerchantMemory.swift in Sources */,
				A1000209000000000000001 /* IngestUOBMessageIntent.swift in Sources */,
				A100020A000000000000001 /* PendingInboxView.swift in Sources */,
				A100020B000000000000001 /* CategoryManagementView.swift in Sources */,
				A100020C000000000000001 /* CategoryStore.swift in Sources */,
				A100020D000000000000001 /* RecurringRuleGenerator.swift in Sources */,
				A100020E000000000000001 /* RecurringRulesView.swift in Sources */,
				A1000401000000000000001 /* AppSettings.swift in Sources */,
				A1000402000000000000001 /* BaseCurrencyRecomputer.swift in Sources */,
				A1000403000000000000001 /* BaseCurrencyService.swift in Sources */,
				A1000601000000000000001 /* SmsTemplate.swift in Sources */,
				A1000602000000000000001 /* AmountParser.swift in Sources */,
				A1000603000000000000001 /* SmsExtractor.swift in Sources */,
				A1000604000000000000001 /* SmsTemplateCompiler.swift in Sources */,
				A1000605000000000000001 /* SmsTemplateMatcher.swift in Sources */,
				A1000942000000000000001 /* SmsTemplateMigrator.swift in Sources */,
				A1000940000000000000001 /* SmsRecognitionRuntime.swift in Sources */,
				A1000606000000000000001 /* SmsTemplatePresets.swift in Sources */,
				A1000607000000000000001 /* SmsTemplateEditorView.swift in Sources */,
				A1000608000000000000001 /* SmsTemplateListView.swift in Sources */,
				A1000609000000000000001 /* DateParser.swift in Sources */,
				A1000610000000000000001 /* SmsTokenizer.swift in Sources */,
				A1000611000000000000001 /* FlowLayout.swift in Sources */,
				A1000801000000000000001 /* OnboardingState.swift in Sources */,
				A1000803000000000000001 /* OnboardingView.swift in Sources */,
				A1000805000000000000001 /* ShortcutSetupView.swift in Sources */,
				A1000915000000000000001 /* DuplicateDetector.swift in Sources */,
				A1000916000000000000001 /* IngestWalletTransactionIntent.swift in Sources */,
				A1000917000000000000001 /* WalletAutomationSetupView.swift in Sources */,
				A1000918000000000000001 /* ShortcutsLauncher.swift in Sources */,
				A1000930000000000000001 /* EmailPreprocessor.swift in Sources */,
				A1000931000000000000001 /* IngestEmailIntent.swift in Sources */,
				A1000932000000000000001 /* EmailAutomationSetupView.swift in Sources */,
			);
			runOnlyForDeploymentPostprocessing = 0;
		};
/* End PBXSourcesBuildPhase section */

/* Begin XCBuildConfiguration section */
		A1000060000000000000001 /* Debug */ = {
			isa = XCBuildConfiguration;
			buildSettings = {
				ALWAYS_SEARCH_USER_PATHS = NO;
				ASSETCATALOG_COMPILER_GENERATE_SWIFT_ASSET_SYMBOL_EXTENSIONS = YES;
				CLANG_ANALYZER_NONNULL = YES;
				CLANG_ANALYZER_NUMBER_OBJECT_CONVERSION = YES_AGGRESSIVE;
				CLANG_CXX_LANGUAGE_STANDARD = "gnu++20";
				CLANG_ENABLE_MODULES = YES;
				CLANG_ENABLE_OBJC_ARC = YES;
				CLANG_ENABLE_OBJC_WEAK = YES;
				CLANG_WARN_BLOCK_CAPTURE_AUTORELEASING = YES;
				CLANG_WARN_BOOL_CONVERSION = YES;
				CLANG_WARN_COMMA = YES;
				CLANG_WARN_CONSTANT_CONVERSION = YES;
				CLANG_WARN_DEPRECATED_OBJC_IMPLEMENTATIONS = YES;
				CLANG_WARN_DIRECT_OBJC_ISA_USAGE = YES_ERROR;
				CLANG_WARN_DOCUMENTATION_COMMENTS = YES;
				CLANG_WARN_EMPTY_BODY = YES;
				CLANG_WARN_ENUM_CONVERSION = YES;
				CLANG_WARN_INFINITE_RECURSION = YES;
				CLANG_WARN_INT_CONVERSION = YES;
				CLANG_WARN_NON_LITERAL_NULL_CONVERSION = YES;
				CLANG_WARN_OBJC_IMPLICIT_RETAIN_SELF = YES;
				CLANG_WARN_OBJC_LITERAL_CONVERSION = YES;
				CLANG_WARN_OBJC_ROOT_CLASS = YES_ERROR;
				CLANG_WARN_QUOTED_INCLUDE_IN_FRAMEWORK_HEADER = YES;
				CLANG_WARN_RANGE_LOOP_ANALYSIS = YES;
				CLANG_WARN_STRICT_PROTOTYPES = YES;
				CLANG_WARN_SUSPICIOUS_MOVE = YES;
				CLANG_WARN_UNGUARDED_AVAILABILITY = YES_AGGRESSIVE;
				CLANG_WARN_UNREACHABLE_CODE = YES;
				CLANG_WARN__DUPLICATE_METHOD_MATCH = YES;
				COPY_PHASE_STRIP = NO;
				DEBUG_INFORMATION_FORMAT = dwarf;
				ENABLE_STRICT_OBJC_MSGSEND = YES;
				ENABLE_TESTABILITY = YES;
				ENABLE_USER_SCRIPT_SANDBOXING = YES;
				GCC_C_LANGUAGE_STANDARD = gnu17;
				GCC_DYNAMIC_NO_PIC = NO;
				GCC_NO_COMMON_BLOCKS = YES;
				GCC_OPTIMIZATION_LEVEL = 0;
				GCC_PREPROCESSOR_DEFINITIONS = (
					"DEBUG=1",
					"$(inherited)",
				);
				GCC_WARN_64_TO_32_BIT_CONVERSION = YES;
				GCC_WARN_ABOUT_RETURN_TYPE = YES_ERROR;
				GCC_WARN_UNDECLARED_SELECTOR = YES;
				GCC_WARN_UNINITIALIZED_AUTOS = YES_AGGRESSIVE;
				GCC_WARN_UNUSED_FUNCTION = YES;
				GCC_WARN_UNUSED_VARIABLE = YES;
				IPHONEOS_DEPLOYMENT_TARGET = 17.0;
				LOCALIZATION_PREFERS_STRING_CATALOGS = YES;
				MTL_ENABLE_DEBUG_INFO = INCLUDE_SOURCE;
				MTL_FAST_MATH = YES;
				ONLY_ACTIVE_ARCH = YES;
				SDKROOT = iphoneos;
				SWIFT_ACTIVE_COMPILATION_CONDITIONS = "DEBUG $(inherited)";
				SWIFT_OPTIMIZATION_LEVEL = "-Onone";
			};
			name = Debug;
		};
		A1000061000000000000001 /* Release */ = {
			isa = XCBuildConfiguration;
			buildSettings = {
				ALWAYS_SEARCH_USER_PATHS = NO;
				ASSETCATALOG_COMPILER_GENERATE_SWIFT_ASSET_SYMBOL_EXTENSIONS = YES;
				CLANG_ANALYZER_NONNULL = YES;
				CLANG_ANALYZER_NUMBER_OBJECT_CONVERSION = YES_AGGRESSIVE;
				CLANG_CXX_LANGUAGE_STANDARD = "gnu++20";
				CLANG_ENABLE_MODULES = YES;
				CLANG_ENABLE_OBJC_ARC = YES;
				CLANG_ENABLE_OBJC_WEAK = YES;
				CLANG_WARN_BLOCK_CAPTURE_AUTORELEASING = YES;
				CLANG_WARN_BOOL_CONVERSION = YES;
				CLANG_WARN_COMMA = YES;
				CLANG_WARN_CONSTANT_CONVERSION = YES;
				CLANG_WARN_DEPRECATED_OBJC_IMPLEMENTATIONS = YES;
				CLANG_WARN_DIRECT_OBJC_ISA_USAGE = YES_ERROR;
				CLANG_WARN_DOCUMENTATION_COMMENTS = YES;
				CLANG_WARN_EMPTY_BODY = YES;
				CLANG_WARN_ENUM_CONVERSION = YES;
				CLANG_WARN_INFINITE_RECURSION = YES;
				CLANG_WARN_INT_CONVERSION = YES;
				CLANG_WARN_NON_LITERAL_NULL_CONVERSION = YES;
				CLANG_WARN_OBJC_IMPLICIT_RETAIN_SELF = YES;
				CLANG_WARN_OBJC_LITERAL_CONVERSION = YES;
				CLANG_WARN_OBJC_ROOT_CLASS = YES_ERROR;
				CLANG_WARN_QUOTED_INCLUDE_IN_FRAMEWORK_HEADER = YES;
				CLANG_WARN_RANGE_LOOP_ANALYSIS = YES;
				CLANG_WARN_STRICT_PROTOTYPES = YES;
				CLANG_WARN_SUSPICIOUS_MOVE = YES;
				CLANG_WARN_UNGUARDED_AVAILABILITY = YES_AGGRESSIVE;
				CLANG_WARN_UNREACHABLE_CODE = YES;
				CLANG_WARN__DUPLICATE_METHOD_MATCH = YES;
				COPY_PHASE_STRIP = NO;
				DEBUG_INFORMATION_FORMAT = "dwarf-with-dsym";
				ENABLE_NS_ASSERTIONS = NO;
				ENABLE_STRICT_OBJC_MSGSEND = YES;
				ENABLE_USER_SCRIPT_SANDBOXING = YES;
				GCC_C_LANGUAGE_STANDARD = gnu17;
				GCC_NO_COMMON_BLOCKS = YES;
				GCC_WARN_64_TO_32_BIT_CONVERSION = YES;
				GCC_WARN_ABOUT_RETURN_TYPE = YES_ERROR;
				GCC_WARN_UNDECLARED_SELECTOR = YES;
				GCC_WARN_UNINITIALIZED_AUTOS = YES_AGGRESSIVE;
				GCC_WARN_UNUSED_FUNCTION = YES;
				GCC_WARN_UNUSED_VARIABLE = YES;
				IPHONEOS_DEPLOYMENT_TARGET = 17.0;
				LOCALIZATION_PREFERS_STRING_CATALOGS = YES;
				MTL_ENABLE_DEBUG_INFO = NO;
				MTL_FAST_MATH = YES;
				SDKROOT = iphoneos;
				SWIFT_COMPILATION_MODE = wholemodule;
				VALIDATE_PRODUCT = YES;
			};
			name = Release;
		};
		A1000062000000000000001 /* Debug */ = {
			isa = XCBuildConfiguration;
			buildSettings = {
				ASSETCATALOG_COMPILER_APPICON_NAME = AppIcon;
				ASSETCATALOG_COMPILER_GLOBAL_ACCENT_COLOR_NAME = AccentColor;
				CODE_SIGN_STYLE = Automatic;
				CURRENT_PROJECT_VERSION = 26;
				DEVELOPMENT_ASSET_PATHS = "";
				DEVELOPMENT_TEAM = F637LFLBY8;
				ENABLE_PREVIEWS = YES;
				GENERATE_INFOPLIST_FILE = YES;
				INFOPLIST_FILE = GoodToNote/Info.plist;
				INFOPLIST_KEY_CFBundleDisplayName = "5 cents";
				INFOPLIST_KEY_LSSupportsOpeningDocumentsInPlace = YES;
				INFOPLIST_KEY_UIApplicationSceneManifest_Generation = YES;
				INFOPLIST_KEY_UIApplicationSupportsIndirectInputEvents = YES;
				INFOPLIST_KEY_UIFileSharingEnabled = YES;
				INFOPLIST_KEY_UILaunchScreen_Generation = YES;
				INFOPLIST_KEY_UISupportedInterfaceOrientations_iPad = "UIInterfaceOrientationPortrait UIInterfaceOrientationPortraitUpsideDown UIInterfaceOrientationLandscapeLeft UIInterfaceOrientationLandscapeRight";
				INFOPLIST_KEY_UISupportedInterfaceOrientations_iPhone = "UIInterfaceOrientationPortrait UIInterfaceOrientationLandscapeLeft UIInterfaceOrientationLandscapeRight";
				LD_RUNPATH_SEARCH_PATHS = (
					"$(inherited)",
					"@executable_path/Frameworks",
				);
				MARKETING_VERSION = 1.23;
				PRODUCT_BUNDLE_IDENTIFIER = com.goodtonote.app;
				PRODUCT_NAME = "$(TARGET_NAME)";
				SWIFT_EMIT_LOC_STRINGS = YES;
				SWIFT_VERSION = 5.0;
				TARGETED_DEVICE_FAMILY = "1,2";
			};
			name = Debug;
		};
		A1000063000000000000001 /* Release */ = {
			isa = XCBuildConfiguration;
			buildSettings = {
				ASSETCATALOG_COMPILER_APPICON_NAME = AppIcon;
				ASSETCATALOG_COMPILER_GLOBAL_ACCENT_COLOR_NAME = AccentColor;
				CODE_SIGN_STYLE = Automatic;
				CURRENT_PROJECT_VERSION = 26;
				DEVELOPMENT_ASSET_PATHS = "";
				DEVELOPMENT_TEAM = F637LFLBY8;
				ENABLE_PREVIEWS = YES;
				GENERATE_INFOPLIST_FILE = YES;
				INFOPLIST_FILE = GoodToNote/Info.plist;
				INFOPLIST_KEY_CFBundleDisplayName = "5 cents";
				INFOPLIST_KEY_LSSupportsOpeningDocumentsInPlace = YES;
				INFOPLIST_KEY_UIApplicationSceneManifest_Generation = YES;
				INFOPLIST_KEY_UIApplicationSupportsIndirectInputEvents = YES;
				INFOPLIST_KEY_UIFileSharingEnabled = YES;
				INFOPLIST_KEY_UILaunchScreen_Generation = YES;
				INFOPLIST_KEY_UISupportedInterfaceOrientations_iPad = "UIInterfaceOrientationPortrait UIInterfaceOrientationPortraitUpsideDown UIInterfaceOrientationLandscapeLeft UIInterfaceOrientationLandscapeRight";
				INFOPLIST_KEY_UISupportedInterfaceOrientations_iPhone = "UIInterfaceOrientationPortrait UIInterfaceOrientationLandscapeLeft UIInterfaceOrientationLandscapeRight";
				LD_RUNPATH_SEARCH_PATHS = (
					"$(inherited)",
					"@executable_path/Frameworks",
				);
				MARKETING_VERSION = 1.23;
				PRODUCT_BUNDLE_IDENTIFIER = com.goodtonote.app;
				PRODUCT_NAME = "$(TARGET_NAME)";
				SWIFT_EMIT_LOC_STRINGS = YES;
				SWIFT_VERSION = 5.0;
				TARGETED_DEVICE_FAMILY = "1,2";
			};
			name = Release;
		};
/* End XCBuildConfiguration section */

/* Begin XCConfigurationList section */
		A1000051000000000000001 /* Build configuration list for PBXNativeTarget "GoodToNote" */ = {
			isa = XCConfigurationList;
			buildConfigurations = (
				A1000062000000000000001 /* Debug */,
				A1000063000000000000001 /* Release */,
			);
			defaultConfigurationIsVisible = 0;
			defaultConfigurationName = Release;
		};
		A1000052000000000000001 /* Build configuration list for PBXProject "GoodToNote" */ = {
			isa = XCConfigurationList;
			buildConfigurations = (
				A1000060000000000000001 /* Debug */,
				A1000061000000000000001 /* Release */,
			);
			defaultConfigurationIsVisible = 0;
			defaultConfigurationName = Release;
		};
/* End XCConfigurationList section */
	};
	rootObject = A1000050000000000000001 /* Project object */;
}
